// !$*UTF8*$!
{
	archiveVersion = 1;
	classes = {
	};
	objectVersion = 50;
	objects = {

/* Begin PBXBuildFile section */
		C957450B20C7067700D48E08 /* AppDelegate.swift in Sources */ = {isa = PBXBuildFile; fileRef = C957450A20C7067700D48E08 /* AppDelegate.swift */; };
		C957450D20C7067700D48E08 /* ViewController.swift in Sources */ = {isa = PBXBuildFile; fileRef = C957450C20C7067700D48E08 /* ViewController.swift */; };
		C957451020C7067700D48E08 /* Main.storyboard in Resources */ = {isa = PBXBuildFile; fileRef = C957450E20C7067700D48E08 /* Main.storyboard */; };
		C957451220C7067E00D48E08 /* Assets.xcassets in Resources */ = {isa = PBXBuildFile; fileRef = C957451120C7067E00D48E08 /* Assets.xcassets */; };
		C957451520C7067E00D48E08 /* LaunchScreen.storyboard in Resources */ = {isa = PBXBuildFile; fileRef = C957451320C7067E00D48E08 /* LaunchScreen.storyboard */; };
		C957452020C7067E00D48E08 /* Rock__Paper__ScissorsTests.swift in Sources */ = {isa = PBXBuildFile; fileRef = C957451F20C7067E00D48E08 /* Rock__Paper__ScissorsTests.swift */; };
		C957452B20C7067F00D48E08 /* Rock__Paper__ScissorsUITests.swift in Sources */ = {isa = PBXBuildFile; fileRef = C957452A20C7067F00D48E08 /* Rock__Paper__ScissorsUITests.swift */; };
/* End PBXBuildFile section */

/* Begin PBXContainerItemProxy section */
		C957451C20C7067E00D48E08 /* PBXContainerItemProxy */ = {
			isa = PBXContainerItemProxy;
			containerPortal = C95744FF20C7067700D48E08 /* Project object */;
			proxyType = 1;
			remoteGlobalIDString = C957450620C7067700D48E08;
			remoteInfo = "Rock, Paper, Scissors";
		};
		C957452720C7067F00D48E08 /* PBXContainerItemProxy */ = {
			isa = PBXContainerItemProxy;
			containerPortal = C95744FF20C7067700D48E08 /* Project object */;
			proxyType = 1;
			remoteGlobalIDString = C957450620C7067700D48E08;
			remoteInfo = "Rock, Paper, Scissors";
		};
/* End PBXContainerItemProxy section */

/* Begin PBXFileReference section */
		C957450720C7067700D48E08 /* Rock, Paper, Scissors.app */ = {isa = PBXFileReference; explicitFileType = wrapper.application; includeInIndex = 0; path = "Rock, Paper, Scissors.app"; sourceTree = BUILT_PRODUCTS_DIR; };
		C957450A20C7067700D48E08 /* AppDelegate.swift */ = {isa = PBXFileReference; lastKnownFileType = sourcecode.swift; path = AppDelegate.swift; sourceTree = "<group>"; };
		C957450C20C7067700D48E08 /* ViewController.swift */ = {isa = PBXFileReference; lastKnownFileType = sourcecode.swift; path = ViewController.swift; sourceTree = "<group>"; };
		C957450F20C7067700D48E08 /* Base */ = {isa = PBXFileReference; lastKnownFileType = file.storyboard; name = Base; path = Base.lproj/Main.storyboard; sourceTree = "<group>"; };
		C957451120C7067E00D48E08 /* Assets.xcassets */ = {isa = PBXFileReference; lastKnownFileType = folder.assetcatalog; path = Assets.xcassets; sourceTree = "<group>"; };
		C957451420C7067E00D48E08 /* Base */ = {isa = PBXFileReference; lastKnownFileType = file.storyboard; name = Base; path = Base.lproj/LaunchScreen.storyboard; sourceTree = "<group>"; };
		C957451620C7067E00D48E08 /* Info.plist */ = {isa = PBXFileReference; lastKnownFileType = text.plist.xml; path = Info.plist; sourceTree = "<group>"; };
		C957451B20C7067E00D48E08 /* Rock, Paper, ScissorsTests.xctest */ = {isa = PBXFileReference; explicitFileType = wrapper.cfbundle; includeInIndex = 0; path = "Rock, Paper, ScissorsTests.xctest"; sourceTree = BUILT_PRODUCTS_DIR; };
		C957451F20C7067E00D48E08 /* Rock__Paper__ScissorsTests.swift */ = {isa = PBXFileReference; lastKnownFileType = sourcecode.swift; path = Rock__Paper__ScissorsTests.swift; sourceTree = "<group>"; };
		C957452120C7067F00D48E08 /* Info.plist */ = {isa = PBXFileReference; lastKnownFileType = text.plist.xml; path = Info.plist; sourceTree = "<group>"; };
		C957452620C7067F00D48E08 /* Rock, Paper, ScissorsUITests.xctest */ = {isa = PBXFileReference; explicitFileType = wrapper.cfbundle; includeInIndex = 0; path = "Rock, Paper, ScissorsUITests.xctest"; sourceTree = BUILT_PRODUCTS_DIR; };
		C957452A20C7067F00D48E08 /* Rock__Paper__ScissorsUITests.swift */ = {isa = PBXFileReference; lastKnownFileType = sourcecode.swift; path = Rock__Paper__ScissorsUITests.swift; sourceTree = "<group>"; };
		C957452C20C7067F00D48E08 /* Info.plist */ = {isa = PBXFileReference; lastKnownFileType = text.plist.xml; path = Info.plist; sourceTree = "<group>"; };
/* End PBXFileReference section */

/* Begin PBXFrameworksBuildPhase section */
		C957450420C7067700D48E08 /* Frameworks */ = {
			isa = PBXFrameworksBuildPhase;
			buildActionMask = 2147483647;
			files = (
			);
			runOnlyForDeploymentPostprocessing = 0;
		};
		C957451820C7067E00D48E08 /* Frameworks */ = {
			isa = PBXFrameworksBuildPhase;
			buildActionMask = 2147483647;
			files = (
			);
			runOnlyForDeploymentPostprocessing = 0;
		};
		C957452320C7067F00D48E08 /* Frameworks */ = {
			isa = PBXFrameworksBuildPhase;
			buildActionMask = 2147483647;
			files = (
			);
			runOnlyForDeploymentPostprocessing = 0;
		};
/* End PBXFrameworksBuildPhase section */

/* Begin PBXGroup section */
		C95744FE20C7067700D48E08 = {
			isa = PBXGroup;
			children = (
				C957450920C7067700D48E08 /* Rock, Paper, Scissors */,
				C957451E20C7067E00D48E08 /* Rock, Paper, ScissorsTests */,
				C957452920C7067F00D48E08 /* Rock, Paper, ScissorsUITests */,
				C957450820C7067700D48E08 /* Products */,
			);
			sourceTree = "<group>";
		};
		C957450820C7067700D48E08 /* Products */ = {
			isa = PBXGroup;
			children = (
				C957450720C7067700D48E08 /* Rock, Paper, Scissors.app */,
				C957451B20C7067E00D48E08 /* Rock, Paper, ScissorsTests.xctest */,
				C957452620C7067F00D48E08 /* Rock, Paper, ScissorsUITests.xctest */,
			);
			name = Products;
			sourceTree = "<group>";
		};
		C957450920C7067700D48E08 /* Rock, Paper, Scissors */ = {
			isa = PBXGroup;
			children = (
				C957450A20C7067700D48E08 /* AppDelegate.swift */,
				C957450C20C7067700D48E08 /* ViewController.swift */,
				C957450E20C7067700D48E08 /* Main.storyboard */,
				C957451120C7067E00D48E08 /* Assets.xcassets */,
				C957451320C7067E00D48E08 /* LaunchScreen.storyboard */,
				C957451620C7067E00D48E08 /* Info.plist */,
			);
			path = "Rock, Paper, Scissors";
			sourceTree = "<group>";
		};
		C957451E20C7067E00D48E08 /* Rock, Paper, ScissorsTests */ = {
			isa = PBXGroup;
			children = (
				C957451F20C7067E00D48E08 /* Rock__Paper__ScissorsTests.swift */,
				C957452120C7067F00D48E08 /* Info.plist */,
			);
			path = "Rock, Paper, ScissorsTests";
			sourceTree = "<group>";
		};
		C957452920C7067F00D48E08 /* Rock, Paper, ScissorsUITests */ = {
			isa = PBXGroup;
			children = (
				C957452A20C7067F00D48E08 /* Rock__Paper__ScissorsUITests.swift */,
				C957452C20C7067F00D48E08 /* Info.plist */,
			);
			path = "Rock, Paper, ScissorsUITests";
			sourceTree = "<group>";
		};
/* End PBXGroup section */

/* Begin PBXNativeTarget section */
		C957450620C7067700D48E08 /* Rock, Paper, Scissors */ = {
			isa = PBXNativeTarget;
			buildConfigurationList = C957452F20C7067F00D48E08 /* Build configuration list for PBXNativeTarget "Rock, Paper, Scissors" */;
			buildPhases = (
				C957450320C7067700D48E08 /* Sources */,
				C957450420C7067700D48E08 /* Frameworks */,
				C957450520C7067700D48E08 /* Resources */,
			);
			buildRules = (
			);
			dependencies = (
			);
			name = "Rock, Paper, Scissors";
			productName = "Rock, Paper, Scissors";
			productReference = C957450720C7067700D48E08 /* Rock, Paper, Scissors.app */;
			productType = "com.apple.product-type.application";
		};
		C957451A20C7067E00D48E08 /* Rock, Paper, ScissorsTests */ = {
			isa = PBXNativeTarget;
			buildConfigurationList = C957453220C7067F00D48E08 /* Build configuration list for PBXNativeTarget "Rock, Paper, ScissorsTests" */;
			buildPhases = (
				C957451720C7067E00D48E08 /* Sources */,
				C957451820C7067E00D48E08 /* Frameworks */,
				C957451920C7067E00D48E08 /* Resources */,
			);
			buildRules = (
			);
			dependencies = (
				C957451D20C7067E00D48E08 /* PBXTargetDependency */,
			);
			name = "Rock, Paper, ScissorsTests";
			productName = "Rock, Paper, ScissorsTests";
			productReference = C957451B20C7067E00D48E08 /* Rock, Paper, ScissorsTests.xctest */;
			productType = "com.apple.product-type.bundle.unit-test";
		};
		C957452520C7067F00D48E08 /* Rock, Paper, ScissorsUITests */ = {
			isa = PBXNativeTarget;
			buildConfigurationList = C957453520C7067F00D48E08 /* Build configuration list for PBXNativeTarget "Rock, Paper, ScissorsUITests" */;
			buildPhases = (
				C957452220C7067F00D48E08 /* Sources */,
				C957452320C7067F00D48E08 /* Frameworks */,
				C957452420C7067F00D48E08 /* Resources */,
			);
			buildRules = (
			);
			dependencies = (
				C957452820C7067F00D48E08 /* PBXTargetDependency */,
			);
			name = "Rock, Paper, ScissorsUITests";
			productName = "Rock, Paper, ScissorsUITests";
			productReference = C957452620C7067F00D48E08 /* Rock, Paper, ScissorsUITests.xctest */;
			productType = "com.apple.product-type.bundle.ui-testing";
		};
/* End PBXNativeTarget section */

/* Begin PBXProject section */
		C95744FF20C7067700D48E08 /* Project object */ = {
			isa = PBXProject;
			attributes = {
				LastSwiftUpdateCheck = 0940;
				LastUpgradeCheck = 0940;
				ORGANIZATIONNAME = "Anthony Schwartz";
				TargetAttributes = {
					C957450620C7067700D48E08 = {
						CreatedOnToolsVersion = 9.4;
					};
					C957451A20C7067E00D48E08 = {
						CreatedOnToolsVersion = 9.4;
						TestTargetID = C957450620C7067700D48E08;
					};
					C957452520C7067F00D48E08 = {
						CreatedOnToolsVersion = 9.4;
						TestTargetID = C957450620C7067700D48E08;
					};
				};
			};
			buildConfigurationList = C957450220C7067700D48E08 /* Build configuration list for PBXProject "Rock, Paper, Scissors" */;
			compatibilityVersion = "Xcode 9.3";
			developmentRegion = en;
			hasScannedForEncodings = 0;
			knownRegions = (
				en,
				Base,
			);
			mainGroup = C95744FE20C7067700D48E08;
			productRefGroup = C957450820C7067700D48E08 /* Products */;
			projectDirPath = "";
			projectRoot = "";
			targets = (
				C957450620C7067700D48E08 /* Rock, Paper, Scissors */,
				C957451A20C7067E00D48E08 /* Rock, Paper, ScissorsTests */,
				C957452520C7067F00D48E08 /* Rock, Paper, ScissorsUITests */,
			);
		};
/* End PBXProject section */

/* Begin PBXResourcesBuildPhase section */
		C957450520C7067700D48E08 /* Resources */ = {
			isa = PBXResourcesBuildPhase;
			buildActionMask = 2147483647;
			files = (
				C957451520C7067E00D48E08 /* LaunchScreen.storyboard in Resources */,
				C957451220C7067E00D48E08 /* Assets.xcassets in Resources */,
				C957451020C7067700D48E08 /* Main.storyboard in Resources */,
			);
			runOnlyForDeploymentPostprocessing = 0;
		};
		C957451920C7067E00D48E08 /* Resources */ = {
			isa = PBXResourcesBuildPhase;
			buildActionMask = 2147483647;
			files = (
			);
			runOnlyForDeploymentPostprocessing = 0;
		};
		C957452420C7067F00D48E08 /* Resources */ = {
			isa = PBXResourcesBuildPhase;
			buildActionMask = 2147483647;
			files = (
			);
			runOnlyForDeploymentPostprocessing = 0;
		};
/* End PBXResourcesBuildPhase section */

/* Begin PBXSourcesBuildPhase section */
		C957450320C7067700D48E08 /* Sources */ = {
			isa = PBXSourcesBuildPhase;
			buildActionMask = 2147483647;
			files = (
				C957450D20C7067700D48E08 /* ViewController.swift in Sources */,
				C957450B20C7067700D48E08 /* AppDelegate.swift in Sources */,
			);
			runOnlyForDeploymentPostprocessing = 0;
		};
		C957451720C7067E00D48E08 /* Sources */ = {
			isa = PBXSourcesBuildPhase;
			buildActionMask = 2147483647;
			files = (
				C957452020C7067E00D48E08 /* Rock__Paper__ScissorsTests.swift in Sources */,
			);
			runOnlyForDeploymentPostprocessing = 0;
		};
		C957452220C7067F00D48E08 /* Sources */ = {
			isa = PBXSourcesBuildPhase;
			buildActionMask = 2147483647;
			files = (
				C957452B20C7067F00D48E08 /* Rock__Paper__ScissorsUITests.swift in Sources */,
			);
			runOnlyForDeploymentPostprocessing = 0;
		};
/* End PBXSourcesBuildPhase section */

/* Begin PBXTargetDependency section */
		C957451D20C7067E00D48E08 /* PBXTargetDependency */ = {
			isa = PBXTargetDependency;
			target = C957450620C7067700D48E08 /* Rock, Paper, Scissors */;
			targetProxy = C957451C20C7067E00D48E08 /* PBXContainerItemProxy */;
		};
		C957452820C7067F00D48E08 /* PBXTargetDependency */ = {
			isa = PBXTargetDependency;
			target = C957450620C7067700D48E08 /* Rock, Paper, Scissors */;
			targetProxy = C957452720C7067F00D48E08 /* PBXContainerItemProxy */;
		};
/* End PBXTargetDependency section */

/* Begin PBXVariantGroup section */
		C957450E20C7067700D48E08 /* Main.storyboard */ = {
			isa = PBXVariantGroup;
			children = (
				C957450F20C7067700D48E08 /* Base */,
			);
			name = Main.storyboard;
			sourceTree = "<group>";
		};
		C957451320C7067E00D48E08 /* LaunchScreen.storyboard */ = {
			isa = PBXVariantGroup;
			children = (
				C957451420C7067E00D48E08 /* Base */,
			);
			name = LaunchScreen.storyboard;
			sourceTree = "<group>";
		};
/* End PBXVariantGroup section */

/* Begin XCBuildConfiguration section */
		C957452D20C7067F00D48E08 /* Debug */ = {
			isa = XCBuildConfiguration;
			buildSettings = {
				ALWAYS_SEARCH_USER_PATHS = NO;
				CLANG_ANALYZER_NONNULL = YES;
				CLANG_ANALYZER_NUMBER_OBJECT_CONVERSION = YES_AGGRESSIVE;
				CLANG_CXX_LANGUAGE_STANDARD = "gnu++14";
				CLANG_CXX_LIBRARY = "libc++";
				CLANG_ENABLE_MODULES = YES;
				CLANG_ENABLE_OBJC_ARC = YES;
				CLANG_ENABLE_OBJC_WEAK = YES;
				CLANG_WARN_BLOCK_CAPTURE_AUTORELEASING = YES;
				CLANG_WARN_BOOL_CONVERSION = YES;
				CLANG_WARN_COMMA = YES;
				CLANG_WARN_CONSTANT_CONVERSION = YES;
				CLANG_WARN_DEPRECATED_OBJC_IMPLEMENTATIONS = YES;
				CLANG_WARN_DIRECT_OBJC_ISA_USAGE = YES_ERROR;
				CLANG_WARN_DOCUMENTATION_COMMENTS = YES;
				CLANG_WARN_EMPTY_BODY = YES;
				CLANG_WARN_ENUM_CONVERSION = YES;
				CLANG_WARN_INFINITE_RECURSION = YES;
				CLANG_WARN_INT_CONVERSION = YES;
				CLANG_WARN_NON_LITERAL_NULL_CONVERSION = YES;
				CLANG_WARN_OBJC_IMPLICIT_RETAIN_SELF = YES;
				CLANG_WARN_OBJC_LITERAL_CONVERSION = YES;
				CLANG_WARN_OBJC_ROOT_CLASS = YES_ERROR;
				CLANG_WARN_RANGE_LOOP_ANALYSIS = YES;
				CLANG_WARN_STRICT_PROTOTYPES = YES;
				CLANG_WARN_SUSPICIOUS_MOVE = YES;
				CLANG_WARN_UNGUARDED_AVAILABILITY = YES_AGGRESSIVE;
				CLANG_WARN_UNREACHABLE_CODE = YES;
				CLANG_WARN__DUPLICATE_METHOD_MATCH = YES;
				CODE_SIGN_IDENTITY = "iPhone Developer";
				COPY_PHASE_STRIP = NO;
				DEBUG_INFORMATION_FORMAT = dwarf;
				ENABLE_STRICT_OBJC_MSGSEND = YES;
				ENABLE_TESTABILITY = YES;
				GCC_C_LANGUAGE_STANDARD = gnu11;
				GCC_DYNAMIC_NO_PIC = NO;
				GCC_NO_COMMON_BLOCKS = YES;
				GCC_OPTIMIZATION_LEVEL = 0;
				GCC_PREPROCESSOR_DEFINITIONS = (
					"DEBUG=1",
					"$(inherited)",
				);
				GCC_WARN_64_TO_32_BIT_CONVERSION = YES;
				GCC_WARN_ABOUT_RETURN_TYPE = YES_ERROR;
				GCC_WARN_UNDECLARED_SELECTOR = YES;
				GCC_WARN_UNINITIALIZED_AUTOS = YES_AGGRESSIVE;
				GCC_WARN_UNUSED_FUNCTION = YES;
				GCC_WARN_UNUSED_VARIABLE = YES;
				IPHONEOS_DEPLOYMENT_TARGET = 11.4;
				MTL_ENABLE_DEBUG_INFO = YES;
				ONLY_ACTIVE_ARCH = YES;
				SDKROOT = iphoneos;
				SWIFT_ACTIVE_COMPILATION_CONDITIONS = DEBUG;
				SWIFT_OPTIMIZATION_LEVEL = "-Onone";
			};
			name = Debug;
		};
		C957452E20C7067F00D48E08 /* Release */ = {
			isa = XCBuildConfiguration;
			buildSettings = {
				ALWAYS_SEARCH_USER_PATHS = NO;
				CLANG_ANALYZER_NONNULL = YES;
				CLANG_ANALYZER_NUMBER_OBJECT_CONVERSION = YES_AGGRESSIVE;
				CLANG_CXX_LANGUAGE_STANDARD = "gnu++14";
				CLANG_CXX_LIBRARY = "libc++";
				CLANG_ENABLE_MODULES = YES;
				CLANG_ENABLE_OBJC_ARC = YES;
				CLANG_ENABLE_OBJC_WEAK = YES;
				CLANG_WARN_BLOCK_CAPTURE_AUTORELEASING = YES;
				CLANG_WARN_BOOL_CONVERSION = YES;
				CLANG_WARN_COMMA = YES;
				CLANG_WARN_CONSTANT_CONVERSION = YES;
				CLANG_WARN_DEPRECATED_OBJC_IMPLEMENTATIONS = YES;
				CLANG_WARN_DIRECT_OBJC_ISA_USAGE = YES_ERROR;
				CLANG_WARN_DOCUMENTATION_COMMENTS = YES;
				CLANG_WARN_EMPTY_BODY = YES;
				CLANG_WARN_ENUM_CONVERSION = YES;
				CLANG_WARN_INFINITE_RECURSION = YES;
				CLANG_WARN_INT_CONVERSION = YES;
				CLANG_WARN_NON_LITERAL_NULL_CONVERSION = YES;
				CLANG_WARN_OBJC_IMPLICIT_RETAIN_SELF = YES;
				CLANG_WARN_OBJC_LITERAL_CONVERSION = YES;
				CLANG_WARN_OBJC_ROOT_CLASS = YES_ERROR;
				CLANG_WARN_RANGE_LOOP_ANALYSIS = YES;
				CLANG_WARN_STRICT_PROTOTYPES = YES;
				CLANG_WARN_SUSPICIOUS_MOVE = YES;
				CLANG_WARN_UNGUARDED_AVAILABILITY = YES_AGGRESSIVE;
				CLANG_WARN_UNREACHABLE_CODE = YES;
				CLANG_WARN__DUPLICATE_METHOD_MATCH = YES;
				CODE_SIGN_IDENTITY = "iPhone Developer";
				COPY_PHASE_STRIP = NO;
				DEBUG_INFORMATION_FORMAT = "dwarf-with-dsym";
				ENABLE_NS_ASSERTIONS = NO;
				ENABLE_STRICT_OBJC_MSGSEND = YES;
				GCC_C_LANGUAGE_STANDARD = gnu11;
				GCC_NO_COMMON_BLOCKS = YES;
				GCC_WARN_64_TO_32_BIT_CONVERSION = YES;
				GCC_WARN_ABOUT_RETURN_TYPE = YES_ERROR;
				GCC_WARN_UNDECLARED_SELECTOR = YES;
				GCC_WARN_UNINITIALIZED_AUTOS = YES_AGGRESSIVE;
				GCC_WARN_UNUSED_FUNCTION = YES;
				GCC_WARN_UNUSED_VARIABLE = YES;
				IPHONEOS_DEPLOYMENT_TARGET = 11.4;
				MTL_ENABLE_DEBUG_INFO = NO;
				SDKROOT = iphoneos;
				SWIFT_COMPILATION_MODE = wholemodule;
				SWIFT_OPTIMIZATION_LEVEL = "-O";
				VALIDATE_PRODUCT = YES;
			};
			name = Release;
		};
		C957453020C7067F00D48E08 /* Debug */ = {
			isa = XCBuildConfiguration;
			buildSettings = {
				ASSETCATALOG_COMPILER_APPICON_NAME = AppIcon;
				CODE_SIGN_STYLE = Automatic;
				DEVELOPMENT_TEAM = 6F8THZ2ZUB;
				INFOPLIST_FILE = "Rock, Paper, Scissors/Info.plist";
				LD_RUNPATH_SEARCH_PATHS = (
					"$(inherited)",
					"@executable_path/Frameworks",
				);
				PRODUCT_BUNDLE_IDENTIFIER = "com.the-neophyte.Rock--Paper--Scissors";
				PRODUCT_NAME = "$(TARGET_NAME)";
				SWIFT_VERSION = 4.0;
				TARGETED_DEVICE_FAMILY = "1,2";
			};
			name = Debug;
		};
		C957453120C7067F00D48E08 /* Release */ = {
			isa = XCBuildConfiguration;
			buildSettings = {
				ASSETCATALOG_COMPILER_APPICON_NAME = AppIcon;
				CODE_SIGN_STYLE = Automatic;
				DEVELOPMENT_TEAM = 6F8THZ2ZUB;
				INFOPLIST_FILE = "Rock, Paper, Scissors/Info.plist";
				LD_RUNPATH_SEARCH_PATHS = (
					"$(inherited)",
					"@executable_path/Frameworks",
				);
				PRODUCT_BUNDLE_IDENTIFIER = "com.the-neophyte.Rock--Paper--Scissors";
				PRODUCT_NAME = "$(TARGET_NAME)";
				SWIFT_VERSION = 4.0;
				TARGETED_DEVICE_FAMILY = "1,2";
			};
			name = Release;
		};
		C957453320C7067F00D48E08 /* Debug */ = {
			isa = XCBuildConfiguration;
			buildSettings = {
				ALWAYS_EMBED_SWIFT_STANDARD_LIBRARIES = YES;
				BUNDLE_LOADER = "$(TEST_HOST)";
				CODE_SIGN_STYLE = Automatic;
				DEVELOPMENT_TEAM = 6F8THZ2ZUB;
				INFOPLIST_FILE = "Rock, Paper, ScissorsTests/Info.plist";
				LD_RUNPATH_SEARCH_PATHS = (
					"$(inherited)",
					"@executable_path/Frameworks",
					"@loader_path/Frameworks",
				);
				PRODUCT_BUNDLE_IDENTIFIER = "com.the-neophyte.Rock--Paper--ScissorsTests";
				PRODUCT_NAME = "$(TARGET_NAME)";
				SWIFT_VERSION = 4.0;
				TARGETED_DEVICE_FAMILY = "1,2";
				TEST_HOST = "$(BUILT_PRODUCTS_DIR)/Rock, Paper, Scissors.app/Rock, Paper, Scissors";
			};
			name = Debug;
		};
		C957453420C7067F00D48E08 /* Release */ = {
			isa = XCBuildConfiguration;
			buildSettings = {
				ALWAYS_EMBED_SWIFT_STANDARD_LIBRARIES = YES;
				BUNDLE_LOADER = "$(TEST_HOST)";
				CODE_SIGN_STYLE = Automatic;
				DEVELOPMENT_TEAM = 6F8THZ2ZUB;
				INFOPLIST_FILE = "Rock, Paper, ScissorsTests/Info.plist";
				LD_RUNPATH_SEARCH_PATHS = (
					"$(inherited)",
					"@executable_path/Frameworks",
					"@loader_path/Frameworks",
				);
				PRODUCT_BUNDLE_IDENTIFIER = "com.the-neophyte.Rock--Paper--ScissorsTests";
				PRODUCT_NAME = "$(TARGET_NAME)";
				SWIFT_VERSION = 4.0;
				TARGETED_DEVICE_FAMILY = "1,2";
				TEST_HOST = "$(BUILT_PRODUCTS_DIR)/Rock, Paper, Scissors.app/Rock, Paper, Scissors";
			};
			name = Release;
		};
		C957453620C7067F00D48E08 /* Debug */ = {
			isa = XCBuildConfiguration;
			buildSettings = {
				ALWAYS_EMBED_SWIFT_STANDARD_LIBRARIES = YES;
				CODE_SIGN_STYLE = Automatic;
				DEVELOPMENT_TEAM = 6F8THZ2ZUB;
				INFOPLIST_FILE = "Rock, Paper, ScissorsUITests/Info.plist";
				LD_RUNPATH_SEARCH_PATHS = (
					"$(inherited)",
					"@executable_path/Frameworks",
					"@loader_path/Frameworks",
				);
				PRODUCT_BUNDLE_IDENTIFIER = "com.the-neophyte.Rock--Paper--ScissorsUITests";
				PRODUCT_NAME = "$(TARGET_NAME)";
				SWIFT_VERSION = 4.0;
				TARGETED_DEVICE_FAMILY = "1,2";
				TEST_TARGET_NAME = "Rock, Paper, Scissors";
			};
			name = Debug;
		};
		C957453720C7067F00D48E08 /* Release */ = {
			isa = XCBuildConfiguration;
			buildSettings = {
				ALWAYS_EMBED_SWIFT_STANDARD_LIBRARIES = YES;
				CODE_SIGN_STYLE = Automatic;
				DEVELOPMENT_TEAM = 6F8THZ2ZUB;
				INFOPLIST_FILE = "Rock, Paper, ScissorsUITests/Info.plist";
				LD_RUNPATH_SEARCH_PATHS = (
					"$(inherited)",
					"@executable_path/Frameworks",
					"@loader_path/Frameworks",
				);
				PRODUCT_BUNDLE_IDENTIFIER = "com.the-neophyte.Rock--Paper--ScissorsUITests";
				PRODUCT_NAME = "$(TARGET_NAME)";
				SWIFT_VERSION = 4.0;
				TARGETED_DEVICE_FAMILY = "1,2";
				TEST_TARGET_NAME = "Rock, Paper, Scissors";
			};
			name = Release;
		};
/* End XCBuildConfiguration section */

/* Begin XCConfigurationList section */
		C957450220C7067700D48E08 /* Build configuration list for PBXProject "Rock, Paper, Scissors" */ = {
			isa = XCConfigurationList;
			buildConfigurations = (
				C957452D20C7067F00D48E08 /* Debug */,
				C957452E20C7067F00D48E08 /* Release */,
			);
			defaultConfigurationIsVisible = 0;
			defaultConfigurationName = Release;
		};
		C957452F20C7067F00D48E08 /* Build configuration list for PBXNativeTarget "Rock, Paper, Scissors" */ = {
			isa = XCConfigurationList;
			buildConfigurations = (
				C957453020C7067F00D48E08 /* Debug */,
				C957453120C7067F00D48E08 /* Release */,
			);
			defaultConfigurationIsVisible = 0;
			defaultConfigurationName = Release;
		};
		C957453220C7067F00D48E08 /* Build configuration list for PBXNativeTarget "Rock, Paper, ScissorsTests" */ = {
			isa = XCConfigurationList;
			buildConfigurations = (
				C957453320C7067F00D48E08 /* Debug */,
				C957453420C7067F00D48E08 /* Release */,
			);
			defaultConfigurationIsVisible = 0;
			defaultConfigurationName = Release;
		};
		C957453520C7067F00D48E08 /* Build configuration list for PBXNativeTarget "Rock, Paper, ScissorsUITests" */ = {
			isa = XCConfigurationList;
			buildConfigurations = (
				C957453620C7067F00D48E08 /* Debug */,
				C957453720C7067F00D48E08 /* Release */,
			);
			defaultConfigurationIsVisible = 0;
			defaultConfigurationName = Release;
		};
/* End XCConfigurationList section */
	};
	rootObject = C95744FF20C7067700D48E08 /* Project object */;
}
